
Microsoft Visual Studio Solution File, Format Version 12.00
# Visual Studio 2012
Project("{FAE04EC0-301F-11D3-BF4B-00C04F79EFBC}") = "Ajax", "Ajax\Ajax.csproj", "{F56EF3FC-ACD9-46EF-80FB-C66024E2ABE9}"
EndProject
Project("{FAE04EC0-301F-11D3-BF4B-00C04F79EFBC}") = "Examples", "Examples\Examples.csproj", "{482DA9BB-F0D6-44BF-B13A-36D01635B1A1}"
EndProject
Project("{FAE04EC0-301F-11D3-BF4B-00C04F79EFBC}") = "Data", "Data\Data.csproj", "{B390BEE5-D466-49C4-B920-C0B249B644C8}"
EndProject
Project("{FAE04EC0-301F-11D3-BF4B-00C04F79EFBC}") = "Data.Hibernate", "Data.Hibernate\Data.Hibernate.csproj", "{FA265D55-A9D6-47F7-9023-BC00609DBABD}"
EndProject
Project("{FAE04EC0-301F-11D3-BF4B-00C04F79EFBC}") = "Entities", "Entities\Entities.csproj", "{B44F782D-806F-45F6-B85D-588DC55B7212}"
EndProject
Project("{FAE04EC0-301F-11D3-BF4B-00C04F79EFBC}") = "OrmExpress", "OrmUtils\OrmExpress.csproj", "{10C0AA28-36C3-42F8-B068-53DB3904DD2E}"
EndProject
Project("{FAE04EC0-301F-11D3-BF4B-00C04F79EFBC}") = "UnitTest", "UnitTest\UnitTest.csproj", "{CB6A5654-0E40-4B29-9D8E-50B9004E71AB}"
EndProject
Project("{FAE04EC0-301F-11D3-BF4B-00C04F79EFBC}") = "Utils", "Utils\Utils.csproj", "{066FDAF2-6414-43D9-BBC9-84E62238731E}"
EndProject
Project("{FAE04EC0-301F-11D3-BF4B-00C04F79EFBC}") = "WebControls", "WebControls\WebControls.csproj", "{D310F788-1DA5-4626-AB08-37B833BD5988}"
EndProject
Project("{FAE04EC0-301F-11D3-BF4B-00C04F79EFBC}") = "Iridescent.Cache", "Iridescent.Cache\Iridescent.Cache.csproj", "{514D4CAF-5E16-41E0-B6A2-7BDDA5BA511C}"
EndProject
Project("{FAE04EC0-301F-11D3-BF4B-00C04F79EFBC}") = "Iridescent.Memcached", "Iridescent.Memcached\Iridescent.Memcached.csproj", "{1F6DBAC8-A556-4E05-AF5D-BF002F12CECC}"
EndProject
Project("{FAE04EC0-301F-11D3-BF4B-00C04F79EFBC}") = "Iridescent.DependencyResolution", "Iridescent.DependencyResolution\Iridescent.DependencyResolution.csproj", "{C1E485B7-96D4-4493-BBFA-4ECC045570B5}"
EndProject
Project("{2150E333-8FDC-42A3-9474-1A3956D46DE8}") = "Example", "Example", "{75D31740-D39E-471D-B10D-F3854D285472}"
EndProject
Project("{FAE04EC0-301F-11D3-BF4B-00C04F79EFBC}") = "Examples.IService", "Examples.IService\Examples.IService.csproj", "{D3C67F93-4977-471D-B8DE-022C1963C15F}"
EndProject
Project("{FAE04EC0-301F-11D3-BF4B-00C04F79EFBC}") = "Examples.Service", "Examples.Service\Examples.Service.csproj", "{F4CCDF4D-821B-4505-9DED-2F87D882782F}"
EndProject
Project("{2150E333-8FDC-42A3-9474-1A3956D46DE8}") = "Cache", "Cache", "{76F22DEE-9C1B-4062-A97D-1D43C20D9126}"
EndProject
Project("{2150E333-8FDC-42A3-9474-1A3956D46DE8}") = "DataAccess", "DataAccess", "{A72C0207-DE30-4053-8474-0A90A2324FD4}"
EndProject
Project("{FAE04EC0-301F-11D3-BF4B-00C04F79EFBC}") = "Iridescent.CacheHandler", "Iridescent.CacheHandler\Iridescent.CacheHandler.csproj", "{DD1C889E-9775-4A5F-8632-3BD1B8E20A7A}"
EndProject
Project("{2150E333-8FDC-42A3-9474-1A3956D46DE8}") = "DI", "DI", "{376594D4-C57B-49C5-A282-ED083A866A4D}"
EndProject
Project("{2150E333-8FDC-42A3-9474-1A3956D46DE8}") = "Etc", "Etc", "{C2F51C81-AC4B-4519-8DCA-9BC8F2180178}"
EndProject
Global
	GlobalSection(SolutionConfigurationPlatforms) = preSolution
		Debug|Any CPU = Debug|Any CPU
		Release|Any CPU = Release|Any CPU
	EndGlobalSection
	GlobalSection(ProjectConfigurationPlatforms) = postSolution
		{F56EF3FC-ACD9-46EF-80FB-C66024E2ABE9}.Debug|Any CPU.ActiveCfg = Debug|Any CPU
		{F56EF3FC-ACD9-46EF-80FB-C66024E2ABE9}.Debug|Any CPU.Build.0 = Debug|Any CPU
		{F56EF3FC-ACD9-46EF-80FB-C66024E2ABE9}.Release|Any CPU.ActiveCfg = Release|Any CPU
		{F56EF3FC-ACD9-46EF-80FB-C66024E2ABE9}.Release|Any CPU.Build.0 = Release|Any CPU
		{482DA9BB-F0D6-44BF-B13A-36D01635B1A1}.Debug|Any CPU.ActiveCfg = Debug|Any CPU
		{482DA9BB-F0D6-44BF-B13A-36D01635B1A1}.Debug|Any CPU.Build.0 = Debug|Any CPU
		{482DA9BB-F0D6-44BF-B13A-36D01635B1A1}.Release|Any CPU.ActiveCfg = Release|Any CPU
		{482DA9BB-F0D6-44BF-B13A-36D01635B1A1}.Release|Any CPU.Build.0 = Release|Any CPU
		{B390BEE5-D466-49C4-B920-C0B249B644C8}.Debug|Any CPU.ActiveCfg = Debug|Any CPU
		{B390BEE5-D466-49C4-B920-C0B249B644C8}.Debug|Any CPU.Build.0 = Debug|Any CPU
		{B390BEE5-D466-49C4-B920-C0B249B644C8}.Release|Any CPU.ActiveCfg = Release|Any CPU
		{B390BEE5-D466-49C4-B920-C0B249B644C8}.Release|Any CPU.Build.0 = Release|Any CPU
		{FA265D55-A9D6-47F7-9023-BC00609DBABD}.Debug|Any CPU.ActiveCfg = Debug|Any CPU
		{FA265D55-A9D6-47F7-9023-BC00609DBABD}.Debug|Any CPU.Build.0 = Debug|Any CPU
		{FA265D55-A9D6-47F7-9023-BC00609DBABD}.Release|Any CPU.ActiveCfg = Release|Any CPU
		{FA265D55-A9D6-47F7-9023-BC00609DBABD}.Release|Any CPU.Build.0 = Release|Any CPU
		{B44F782D-806F-45F6-B85D-588DC55B7212}.Debug|Any CPU.ActiveCfg = Debug|Any CPU
		{B44F782D-806F-45F6-B85D-588DC55B7212}.Debug|Any CPU.Build.0 = Debug|Any CPU
		{B44F782D-806F-45F6-B85D-588DC55B7212}.Release|Any CPU.ActiveCfg = Release|Any CPU
		{B44F782D-806F-45F6-B85D-588DC55B7212}.Release|Any CPU.Build.0 = Release|Any CPU
		{10C0AA28-36C3-42F8-B068-53DB3904DD2E}.Debug|Any CPU.ActiveCfg = Debug|Any CPU
		{10C0AA28-36C3-42F8-B068-53DB3904DD2E}.Debug|Any CPU.Build.0 = Debug|Any CPU
		{10C0AA28-36C3-42F8-B068-53DB3904DD2E}.Release|Any CPU.ActiveCfg = Release|Any CPU
		{10C0AA28-36C3-42F8-B068-53DB3904DD2E}.Release|Any CPU.Build.0 = Release|Any CPU
		{CB6A5654-0E40-4B29-9D8E-50B9004E71AB}.Debug|Any CPU.ActiveCfg = Debug|Any CPU
		{CB6A5654-0E40-4B29-9D8E-50B9004E71AB}.Debug|Any CPU.Build.0 = Debug|Any CPU
		{CB6A5654-0E40-4B29-9D8E-50B9004E71AB}.Release|Any CPU.ActiveCfg = Release|Any CPU
		{CB6A5654-0E40-4B29-9D8E-50B9004E71AB}.Release|Any CPU.Build.0 = Release|Any CPU
		{066FDAF2-6414-43D9-BBC9-84E62238731E}.Debug|Any CPU.ActiveCfg = Debug|Any CPU
		{066FDAF2-6414-43D9-BBC9-84E62238731E}.Debug|Any CPU.Build.0 = Debug|Any CPU
		{066FDAF2-6414-43D9-BBC9-84E62238731E}.Release|Any CPU.ActiveCfg = Release|Any CPU
		{066FDAF2-6414-43D9-BBC9-84E62238731E}.Release|Any CPU.Build.0 = Release|Any CPU
		{D310F788-1DA5-4626-AB08-37B833BD5988}.Debug|Any CPU.ActiveCfg = Debug|Any CPU
		{D310F788-1DA5-4626-AB08-37B833BD5988}.Debug|Any CPU.Build.0 = Debug|Any CPU
		{D310F788-1DA5-4626-AB08-37B833BD5988}.Release|Any CPU.ActiveCfg = Release|Any CPU
		{D310F788-1DA5-4626-AB08-37B833BD5988}.Release|Any CPU.Build.0 = Release|Any CPU
		{514D4CAF-5E16-41E0-B6A2-7BDDA5BA511C}.Debug|Any CPU.ActiveCfg = Debug|Any CPU
		{514D4CAF-5E16-41E0-B6A2-7BDDA5BA511C}.Debug|Any CPU.Build.0 = Debug|Any CPU
		{514D4CAF-5E16-41E0-B6A2-7BDDA5BA511C}.Release|Any CPU.ActiveCfg = Release|Any CPU
		{514D4CAF-5E16-41E0-B6A2-7BDDA5BA511C}.Release|Any CPU.Build.0 = Release|Any CPU
		{1F6DBAC8-A556-4E05-AF5D-BF002F12CECC}.Debug|Any CPU.ActiveCfg = Debug|Any CPU
		{1F6DBAC8-A556-4E05-AF5D-BF002F12CECC}.Debug|Any CPU.Build.0 = Debug|Any CPU
		{1F6DBAC8-A556-4E05-AF5D-BF002F12CECC}.Release|Any CPU.ActiveCfg = Release|Any CPU
		{1F6DBAC8-A556-4E05-AF5D-BF002F12CECC}.Release|Any CPU.Build.0 = Release|Any CPU
		{C1E485B7-96D4-4493-BBFA-4ECC045570B5}.Debug|Any CPU.ActiveCfg = Debug|Any CPU
		{C1E485B7-96D4-4493-BBFA-4ECC045570B5}.Debug|Any CPU.Build.0 = Debug|Any CPU
		{C1E485B7-96D4-4493-BBFA-4ECC045570B5}.Release|Any CPU.ActiveCfg = Release|Any CPU
		{C1E485B7-96D4-4493-BBFA-4ECC045570B5}.Release|Any CPU.Build.0 = Release|Any CPU
		{D3C67F93-4977-471D-B8DE-022C1963C15F}.Debug|Any CPU.ActiveCfg = Debug|Any CPU
		{D3C67F93-4977-471D-B8DE-022C1963C15F}.Debug|Any CPU.Build.0 = Debug|Any CPU
		{D3C67F93-4977-471D-B8DE-022C1963C15F}.Release|Any CPU.ActiveCfg = Release|Any CPU
		{D3C67F93-4977-471D-B8DE-022C1963C15F}.Release|Any CPU.Build.0 = Release|Any CPU
		{F4CCDF4D-821B-4505-9DED-2F87D882782F}.Debug|Any CPU.ActiveCfg = Debug|Any CPU
		{F4CCDF4D-821B-4505-9DED-2F87D882782F}.Debug|Any CPU.Build.0 = Debug|Any CPU
		{F4CCDF4D-821B-4505-9DED-2F87D882782F}.Release|Any CPU.ActiveCfg = Release|Any CPU
		{F4CCDF4D-821B-4505-9DED-2F87D882782F}.Release|Any CPU.Build.0 = Release|Any CPU
		{DD1C889E-9775-4A5F-8632-3BD1B8E20A7A}.Debug|Any CPU.ActiveCfg = Debug|Any CPU
		{DD1C889E-9775-4A5F-8632-3BD1B8E20A7A}.Debug|Any CPU.Build.0 = Debug|Any CPU
		{DD1C889E-9775-4A5F-8632-3BD1B8E20A7A}.Release|Any CPU.ActiveCfg = Release|Any CPU
		{DD1C889E-9775-4A5F-8632-3BD1B8E20A7A}.Release|Any CPU.Build.0 = Release|Any CPU
	EndGlobalSection
	GlobalSection(SolutionProperties) = preSolution
		HideSolutionNode = FALSE
	EndGlobalSection
	GlobalSection(NestedProjects) = preSolution
		{482DA9BB-F0D6-44BF-B13A-36D01635B1A1} = {75D31740-D39E-471D-B10D-F3854D285472}
		{D3C67F93-4977-471D-B8DE-022C1963C15F} = {75D31740-D39E-471D-B10D-F3854D285472}
		{F4CCDF4D-821B-4505-9DED-2F87D882782F} = {75D31740-D39E-471D-B10D-F3854D285472}
		{514D4CAF-5E16-41E0-B6A2-7BDDA5BA511C} = {76F22DEE-9C1B-4062-A97D-1D43C20D9126}
		{1F6DBAC8-A556-4E05-AF5D-BF002F12CECC} = {76F22DEE-9C1B-4062-A97D-1D43C20D9126}
		{DD1C889E-9775-4A5F-8632-3BD1B8E20A7A} = {76F22DEE-9C1B-4062-A97D-1D43C20D9126}
		{B390BEE5-D466-49C4-B920-C0B249B644C8} = {A72C0207-DE30-4053-8474-0A90A2324FD4}
		{FA265D55-A9D6-47F7-9023-BC00609DBABD} = {A72C0207-DE30-4053-8474-0A90A2324FD4}
		{10C0AA28-36C3-42F8-B068-53DB3904DD2E} = {A72C0207-DE30-4053-8474-0A90A2324FD4}
		{B44F782D-806F-45F6-B85D-588DC55B7212} = {A72C0207-DE30-4053-8474-0A90A2324FD4}
		{C1E485B7-96D4-4493-BBFA-4ECC045570B5} = {376594D4-C57B-49C5-A282-ED083A866A4D}
		{F56EF3FC-ACD9-46EF-80FB-C66024E2ABE9} = {C2F51C81-AC4B-4519-8DCA-9BC8F2180178}
		{066FDAF2-6414-43D9-BBC9-84E62238731E} = {C2F51C81-AC4B-4519-8DCA-9BC8F2180178}
		{D310F788-1DA5-4626-AB08-37B833BD5988} = {C2F51C81-AC4B-4519-8DCA-9BC8F2180178}
	EndGlobalSection
EndGlobal
